// !$*UTF8*$!
{
	archiveVersion = 1;
	classes = {
	};
	objectVersion = 50;
	objects = {

/* Begin PBXBuildFile section */
		C4407AD42507BEEE000C623D /* AppDelegate.swift in Sources */ = {isa = PBXBuildFile; fileRef = C4407AD32507BEEE000C623D /* AppDelegate.swift */; };
		C4407AD62507BEEE000C623D /* SceneDelegate.swift in Sources */ = {isa = PBXBuildFile; fileRef = C4407AD52507BEEE000C623D /* SceneDelegate.swift */; };
		C4407AD82507BEEE000C623D /* ViewController.swift in Sources */ = {isa = PBXBuildFile; fileRef = C4407AD72507BEEE000C623D /* ViewController.swift */; };
		C4407ADB2507BEEE000C623D /* Main.storyboard in Resources */ = {isa = PBXBuildFile; fileRef = C4407AD92507BEEE000C623D /* Main.storyboard */; };
		C4407ADD2507BEF1000C623D /* Assets.xcassets in Resources */ = {isa = PBXBuildFile; fileRef = C4407ADC2507BEF1000C623D /* Assets.xcassets */; };
		C4407AE02507BEF1000C623D /* LaunchScreen.storyboard in Resources */ = {isa = PBXBuildFile; fileRef = C4407ADE2507BEF1000C623D /* LaunchScreen.storyboard */; };
/* End PBXBuildFile section */

/* Begin PBXFileReference section */
		C4407AD02507BEEE000C623D /* ListOfContactsTwo.app */ = {isa = PBXFileReference; explicitFileType = wrapper.application; includeInIndex = 0; path = ListOfContactsTwo.app; sourceTree = BUILT_PRODUCTS_DIR; };
		C4407AD32507BEEE000C623D /* AppDelegate.swift */ = {isa = PBXFileReference; lastKnownFileType = sourcecode.swift; path = AppDelegate.swift; sourceTree = "<group>"; };
		C4407AD52507BEEE000C623D /* SceneDelegate.swift */ = {isa = PBXFileReference; lastKnownFileType = sourcecode.swift; path = SceneDelegate.swift; sourceTree = "<group>"; };
		C4407AD72507BEEE000C623D /* ViewController.swift */ = {isa = PBXFileReference; lastKnownFileType = sourcecode.swift; path = ViewController.swift; sourceTree = "<group>"; };
		C4407ADA2507BEEE000C623D /* Base */ = {isa = PBXFileReference; lastKnownFileType = file.storyboard; name = Base; path = Base.lproj/Main.storyboard; sourceTree = "<group>"; };
		C4407ADC2507BEF1000C623D /* Assets.xcassets */ = {isa = PBXFileReference; lastKnownFileType = folder.assetcatalog; path = Assets.xcassets; sourceTree = "<group>"; };
		C4407ADF2507BEF1000C623D /* Base */ = {isa = PBXFileReference; lastKnownFileType = file.storyboard; name = Base; path = Base.lproj/LaunchScreen.storyboard; sourceTree = "<group>"; };
		C4407AE12507BEF1000C623D /* Info.plist */ = {isa = PBXFileReference; lastKnownFileType = text.plist.xml; path = Info.plist; sourceTree = "<group>"; };
/* End PBXFileReference section */

/* Begin PBXFrameworksBuildPhase section */
		C4407ACD2507BEEE000C623D /* Frameworks */ = {
			isa = PBXFrameworksBuildPhase;
			buildActionMask = 2147483647;
			files = (
			);
			runOnlyForDeploymentPostprocessing = 0;
		};
/* End PBXFrameworksBuildPhase section */

/* Begin PBXGroup section */
		C4407AC72507BEEE000C623D = {
			isa = PBXGroup;
			children = (
				C4407AD22507BEEE000C623D /* ListOfContactsTwo */,
				C4407AD12507BEEE000C623D /* Products */,
			);
			sourceTree = "<group>";
		};
		C4407AD12507BEEE000C623D /* Products */ = {
			isa = PBXGroup;
			children = (
				C4407AD02507BEEE000C623D /* ListOfContactsTwo.app */,
			);
			name = Products;
			sourceTree = "<group>";
		};
		C4407AD22507BEEE000C623D /* ListOfContactsTwo */ = {
			isa = PBXGroup;
			children = (
				C4407AD32507BEEE000C623D /* AppDelegate.swift */,
				C4407AD52507BEEE000C623D /* SceneDelegate.swift */,
				C4407AD72507BEEE000C623D /* ViewController.swift */,
				C4407AD92507BEEE000C623D /* Main.storyboard */,
				C4407ADC2507BEF1000C623D /* Assets.xcassets */,
				C4407ADE2507BEF1000C623D /* LaunchScreen.storyboard */,
				C4407AE12507BEF1000C623D /* Info.plist */,
			);
			path = ListOfContactsTwo;
			sourceTree = "<group>";
		};
/* End PBXGroup section */

/* Begin PBXNativeTarget section */
		C4407ACF2507BEEE000C623D /* ListOfContactsTwo */ = {
			isa = PBXNativeTarget;
			buildConfigurationList = C4407AE42507BEF1000C623D /* Build configuration list for PBXNativeTarget "ListOfContactsTwo" */;
			buildPhases = (
				C4407ACC2507BEEE000C623D /* Sources */,
				C4407ACD2507BEEE000C623D /* Frameworks */,
				C4407ACE2507BEEE000C623D /* Resources */,
			);
			buildRules = (
			);
			dependencies = (
			);
			name = ListOfContactsTwo;
			productName = ListOfContactsTwo;
			productReference = C4407AD02507BEEE000C623D /* ListOfContactsTwo.app */;
			productType = "com.apple.product-type.application";
		};
/* End PBXNativeTarget section */

/* Begin PBXProject section */
		C4407AC82507BEEE000C623D /* Project object */ = {
			isa = PBXProject;
			attributes = {
				LastSwiftUpdateCheck = 1170;
				LastUpgradeCheck = 1170;
				ORGANIZATIONNAME = Yaroslav;
				TargetAttributes = {
					C4407ACF2507BEEE000C623D = {
						CreatedOnToolsVersion = 11.7;
					};
				};
			};
			buildConfigurationList = C4407ACB2507BEEE000C623D /* Build configuration list for PBXProject "ListOfContactsTwo" */;
			compatibilityVersion = "Xcode 9.3";
			developmentRegion = en;
			hasScannedForEncodings = 0;
			knownRegions = (
				en,
				Base,
			);
			mainGroup = C4407AC72507BEEE000C623D;
			productRefGroup = C4407AD12507BEEE000C623D /* Products */;
			projectDirPath = "";
			projectRoot = "";
			targets = (
				C4407ACF2507BEEE000C623D /* ListOfContactsTwo */,
			);
		};
/* End PBXProject section */

/* Begin PBXResourcesBuildPhase section */
		C4407ACE2507BEEE000C623D /* Resources */ = {
			isa = PBXResourcesBuildPhase;
			buildActionMask = 2147483647;
			files = (
				C4407AE02507BEF1000C623D /* LaunchScreen.storyboard in Resources */,
				C4407ADD2507BEF1000C623D /* Assets.xcassets in Resources */,
				C4407ADB2507BEEE000C623D /* Main.storyboard in Resources */,
			);
			runOnlyForDeploymentPostprocessing = 0;
		};
/* End PBXResourcesBuildPhase section */

/* Begin PBXSourcesBuildPhase section */
		C4407ACC2507BEEE000C623D /* Sources */ = {
			isa = PBXSourcesBuildPhase;
			buildActionMask = 2147483647;
			files = (
				C4407AD82507BEEE000C623D /* ViewController.swift in Sources */,
				C4407AD42507BEEE000C623D /* AppDelegate.swift in Sources */,
				C4407AD62507BEEE000C623D /* SceneDelegate.swift in Sources */,
			);
			runOnlyForDeploymentPostprocessing = 0;
		};
/* End PBXSourcesBuildPhase section */

/* Begin PBXVariantGroup section */
		C4407AD92507BEEE000C623D /* Main.storyboard */ = {
			isa = PBXVariantGroup;
			children = (
				C4407ADA2507BEEE000C623D /* Base */,
			);
			name = Main.storyboard;
			sourceTree = "<group>";
		};
		C4407ADE2507BEF1000C623D /* LaunchScreen.storyboard */ = {
			isa = PBXVariantGroup;
			children = (
				C4407ADF2507BEF1000C623D /* Base */,
			);
			name = LaunchScreen.storyboard;
			sourceTree = "<group>";
		};
/* End PBXVariantGroup section */

/* Begin XCBuildConfiguration section */
		C4407AE22507BEF1000C623D /* Debug */ = {
			isa = XCBuildConfiguration;
			buildSettings = {
				ALWAYS_SEARCH_USER_PATHS = NO;
				CLANG_ANALYZER_NONNULL = YES;
				CLANG_ANALYZER_NUMBER_OBJECT_CONVERSION = YES_AGGRESSIVE;
				CLANG_CXX_LANGUAGE_STANDARD = "gnu++14";
				CLANG_CXX_LIBRARY = "libc++";
				CLANG_ENABLE_MODULES = YES;
				CLANG_ENABLE_OBJC_ARC = YES;
				CLANG_ENABLE_OBJC_WEAK = YES;
				CLANG_WARN_BLOCK_CAPTURE_AUTORELEASING = YES;
				CLANG_WARN_BOOL_CONVERSION = YES;
				CLANG_WARN_COMMA = YES;
				CLANG_WARN_CONSTANT_CONVERSION = YES;
				CLANG_WARN_DEPRECATED_OBJC_IMPLEMENTATIONS = YES;
				CLANG_WARN_DIRECT_OBJC_ISA_USAGE = YES_ERROR;
				CLANG_WARN_DOCUMENTATION_COMMENTS = YES;
				CLANG_WARN_EMPTY_BODY = YES;
				CLANG_WARN_ENUM_CONVERSION = YES;
				CLANG_WARN_INFINITE_RECURSION = YES;
				CLANG_WARN_INT_CONVERSION = YES;
				CLANG_WARN_NON_LITERAL_NULL_CONVERSION = YES;
				CLANG_WARN_OBJC_IMPLICIT_RETAIN_SELF = YES;
				CLANG_WARN_OBJC_LITERAL_CONVERSION = YES;
				CLANG_WARN_OBJC_ROOT_CLASS = YES_ERROR;
				CLANG_WARN_RANGE_LOOP_ANALYSIS = YES;
				CLANG_WARN_STRICT_PROTOTYPES = YES;
				CLANG_WARN_SUSPICIOUS_MOVE = YES;
				CLANG_WARN_UNGUARDED_AVAILABILITY = YES_AGGRESSIVE;
				CLANG_WARN_UNREACHABLE_CODE = YES;
				CLANG_WARN__DUPLICATE_METHOD_MATCH = YES;
				COPY_PHASE_STRIP = NO;
				DEBUG_INFORMATION_FORMAT = dwarf;
				ENABLE_STRICT_OBJC_MSGSEND = YES;
				ENABLE_TESTABILITY = YES;
				GCC_C_LANGUAGE_STANDARD = gnu11;
				GCC_DYNAMIC_NO_PIC = NO;
				GCC_NO_COMMON_BLOCKS = YES;
				GCC_OPTIMIZATION_LEVEL = 0;
				GCC_PREPROCESSOR_DEFINITIONS = (
					"DEBUG=1",
					"$(inherited)",
				);
				GCC_WARN_64_TO_32_BIT_CONVERSION = YES;
				GCC_WARN_ABOUT_RETURN_TYPE = YES_ERROR;
				GCC_WARN_UNDECLARED_SELECTOR = YES;
				GCC_WARN_UNINITIALIZED_AUTOS = YES_AGGRESSIVE;
				GCC_WARN_UNUSED_FUNCTION = YES;
				GCC_WARN_UNUSED_VARIABLE = YES;
				IPHONEOS_DEPLOYMENT_TARGET = 13.7;
				MTL_ENABLE_DEBUG_INFO = INCLUDE_SOURCE;
				MTL_FAST_MATH = YES;
				ONLY_ACTIVE_ARCH = YES;
				SDKROOT = iphoneos;
				SWIFT_ACTIVE_COMPILATION_CONDITIONS = DEBUG;
				SWIFT_OPTIMIZATION_LEVEL = "-Onone";
			};
			name = Debug;
		};
		C4407AE32507BEF1000C623D /* Release */ = {
			isa = XCBuildConfiguration;
			buildSettings = {
				ALWAYS_SEARCH_USER_PATHS = NO;
				CLANG_ANALYZER_NONNULL = YES;
				CLANG_ANALYZER_NUMBER_OBJECT_CONVERSION = YES_AGGRESSIVE;
				CLANG_CXX_LANGUAGE_STANDARD = "gnu++14";
				CLANG_CXX_LIBRARY = "libc++";
				CLANG_ENABLE_MODULES = YES;
				CLANG_ENABLE_OBJC_ARC = YES;
				CLANG_ENABLE_OBJC_WEAK = YES;
				CLANG_WARN_BLOCK_CAPTURE_AUTORELEASING = YES;
				CLANG_WARN_BOOL_CONVERSION = YES;
				CLANG_WARN_COMMA = YES;
				CLANG_WARN_CONSTANT_CONVERSION = YES;
				CLANG_WARN_DEPRECATED_OBJC_IMPLEMENTATIONS = YES;
				CLANG_WARN_DIRECT_OBJC_ISA_USAGE = YES_ERROR;
				CLANG_WARN_DOCUMENTATION_COMMENTS = YES;
				CLANG_WARN_EMPTY_BODY = YES;
				CLANG_WARN_ENUM_CONVERSION = YES;
				CLANG_WARN_INFINITE_RECURSION = YES;
				CLANG_WARN_INT_CONVERSION = YES;
				CLANG_WARN_NON_LITERAL_NULL_CONVERSION = YES;
				CLANG_WARN_OBJC_IMPLICIT_RETAIN_SELF = YES;
				CLANG_WARN_OBJC_LITERAL_CONVERSION = YES;
				CLANG_WARN_OBJC_ROOT_CLASS = YES_ERROR;
				CLANG_WARN_RANGE_LOOP_ANALYSIS = YES;
				CLANG_WARN_STRICT_PROTOTYPES = YES;
				CLANG_WARN_SUSPICIOUS_MOVE = YES;
				CLANG_WARN_UNGUARDED_AVAILABILITY = YES_AGGRESSIVE;
				CLANG_WARN_UNREACHABLE_CODE = YES;
				CLANG_WARN__DUPLICATE_METHOD_MATCH = YES;
				COPY_PHASE_STRIP = NO;
				DEBUG_INFORMATION_FORMAT = "dwarf-with-dsym";
				ENABLE_NS_ASSERTIONS = NO;
				ENABLE_STRICT_OBJC_MSGSEND = YES;
				GCC_C_LANGUAGE_STANDARD = gnu11;
				GCC_NO_COMMON_BLOCKS = YES;
				GCC_WARN_64_TO_32_BIT_CONVERSION = YES;
				GCC_WARN_ABOUT_RETURN_TYPE = YES_ERROR;
				GCC_WARN_UNDECLARED_SELECTOR = YES;
				GCC_WARN_UNINITIALIZED_AUTOS = YES_AGGRESSIVE;
				GCC_WARN_UNUSED_FUNCTION = YES;
				GCC_WARN_UNUSED_VARIABLE = YES;
				IPHONEOS_DEPLOYMENT_TARGET = 13.7;
				MTL_ENABLE_DEBUG_INFO = NO;
				MTL_FAST_MATH = YES;
				SDKROOT = iphoneos;
				SWIFT_COMPILATION_MODE = wholemodule;
				SWIFT_OPTIMIZATION_LEVEL = "-O";
				VALIDATE_PRODUCT = YES;
			};
			name = Release;
		};
		C4407AE52507BEF1000C623D /* Debug */ = {
			isa = XCBuildConfiguration;
			buildSettings = {
				ASSETCATALOG_COMPILER_APPICON_NAME = AppIcon;
				CODE_SIGN_STYLE = Automatic;
				INFOPLIST_FILE = ListOfContactsTwo/Info.plist;
				LD_RUNPATH_SEARCH_PATHS = (
					"$(inherited)",
					"@executable_path/Frameworks",
				);
				PRODUCT_BUNDLE_IDENTIFIER = com.example.ListOfContactsTwo;
				PRODUCT_NAME = "$(TARGET_NAME)";
				SWIFT_VERSION = 5.0;
				TARGETED_DEVICE_FAMILY = "1,2";
			};
			name = Debug;
		};
		C4407AE62507BEF1000C623D /* Release */ = {
			isa = XCBuildConfiguration;
			buildSettings = {
				ASSETCATALOG_COMPILER_APPICON_NAME = AppIcon;
				CODE_SIGN_STYLE = Automatic;
				INFOPLIST_FILE = ListOfContactsTwo/Info.plist;
				LD_RUNPATH_SEARCH_PATHS = (
					"$(inherited)",
					"@executable_path/Frameworks",
				);
				PRODUCT_BUNDLE_IDENTIFIER = com.example.ListOfContactsTwo;
				PRODUCT_NAME = "$(TARGET_NAME)";
				SWIFT_VERSION = 5.0;
				TARGETED_DEVICE_FAMILY = "1,2";
			};
			name = Release;
		};
/* End XCBuildConfiguration section */

/* Begin XCConfigurationList section */
		C4407ACB2507BEEE000C623D /* Build configuration list for PBXProject "ListOfContactsTwo" */ = {
			isa = XCConfigurationList;
			buildConfigurations = (
				C4407AE22507BEF1000C623D /* Debug */,
				C4407AE32507BEF1000C623D /* Release */,
			);
			defaultConfigurationIsVisible = 0;
			defaultConfigurationName = Release;
		};
		C4407AE42507BEF1000C623D /* Build configuration list for PBXNativeTarget "ListOfContactsTwo" */ = {
			isa = XCConfigurationList;
			buildConfigurations = (
				C4407AE52507BEF1000C623D /* Debug */,
				C4407AE62507BEF1000C623D /* Release */,
			);
			defaultConfigurationIsVisible = 0;
			defaultConfigurationName = Release;
		};
/* End XCConfigurationList section */
	};
	rootObject = C4407AC82507BEEE000C623D /* Project object */;
}
